
Microsoft Visual Studio Solution File, Format Version 12.00
# Visual Studio Version 17
VisualStudioVersion = 17.6.33723.286
MinimumVisualStudioVersion = 10.0.40219.1
Project("{9A19103F-16F7-4668-BE54-9A1E7A4F7556}") = "DateiRenamer", "DateiRenamer\DateiRenamer.csproj", "{3C50A850-86C4-4AD8-82D0-C7819B75BA83}"
EndProject
Project("{FAE04EC0-301F-11D3-BF4B-00C04F79EFBC}") = "DateiRenamerWinForm", "DateiRenamerWinForm\DateiRenamerWinForm.csproj", "{DF602C0F-5C11-40BD-8417-84A1D2CDE96F}"
EndProject
Global
	GlobalSection(SolutionConfigurationPlatforms) = preSolution
		Debug|Any CPU = Debug|Any CPU
		Release|Any CPU = Release|Any CPU
	EndGlobalSection
	GlobalSection(ProjectConfigurationPlatforms) = postSolution
		{3C50A850-86C4-4AD8-82D0-C7819B75BA83}.Debug|Any CPU.ActiveCfg = Debug|Any CPU
		{3C50A850-86C4-4AD8-82D0-C7819B75BA83}.Debug|Any CPU.Build.0 = Debug|Any CPU
		{3C50A850-86C4-4AD8-82D0-C7819B75BA83}.Release|Any CPU.ActiveCfg = Release|Any CPU
		{3C50A850-86C4-4AD8-82D0-C7819B75BA83}.Release|Any CPU.Build.0 = Release|Any CPU
		{DF602C0F-5C11-40BD-8417-84A1D2CDE96F}.Debug|Any CPU.ActiveCfg = Debug|Any CPU
		{DF602C0F-5C11-40BD-8417-84A1D2CDE96F}.Debug|Any CPU.Build.0 = Debug|Any CPU
		{DF602C0F-5C11-40BD-8417-84A1D2CDE96F}.Release|Any CPU.ActiveCfg = Release|Any CPU
		{DF602C0F-5C11-40BD-8417-84A1D2CDE96F}.Release|Any CPU.Build.0 = Release|Any CPU
	EndGlobalSection
	GlobalSection(SolutionProperties) = preSolution
		HideSolutionNode = FALSE
	EndGlobalSection
	GlobalSection(ExtensibilityGlobals) = postSolution
		SolutionGuid = {4821E68A-DDD3-45DB-927B-13DAC0A8295B}
	EndGlobalSection
EndGlobal
